
Microsoft Visual Studio Solution File, Format Version 11.00
# Visual Studio 2010
Project("{F184B08F-C81C-45F6-A57F-5ABD9991F28F}") = "ScreenCap", "ScreenCap\ScreenCap.vbproj", "{412A6E4A-3CE8-4F32-95A9-1FD8A21C6943}"
EndProject
Global
	GlobalSection(SolutionConfigurationPlatforms) = preSolution
		Debug|x86 = Debug|x86
		Release|x86 = Release|x86
	EndGlobalSection
	GlobalSection(ProjectConfigurationPlatforms) = postSolution
		{412A6E4A-3CE8-4F32-95A9-1FD8A21C6943}.Debug|x86.ActiveCfg = Debug|x86
		{412A6E4A-3CE8-4F32-95A9-1FD8A21C6943}.Debug|x86.Build.0 = Debug|x86
		{412A6E4A-3CE8-4F32-95A9-1FD8A21C6943}.Release|x86.ActiveCfg = Release|x86
		{412A6E4A-3CE8-4F32-95A9-1FD8A21C6943}.Release|x86.Build.0 = Release|x86
	EndGlobalSection
	GlobalSection(SolutionProperties) = preSolution
		HideSolutionNode = FALSE
	EndGlobalSection
EndGlobal
